
Microsoft Visual Studio Solution File, Format Version 12.00
# Visual Studio Version 17
VisualStudioVersion = 17.12.35527.113
MinimumVisualStudioVersion = 10.0.40219.1
Project("{FAE04EC0-301F-11D3-BF4B-00C04F79EFBC}") = "MinimalAPIDemo", "MinimalAPIDemo\MinimalAPIDemo.csproj", "{1078B64F-CEE6-4CF8-BB63-29FC97872745}"
EndProject
Project("{FAE04EC0-301F-11D3-BF4B-00C04F79EFBC}") = "TodoMinimalAPI", "TodoMinimalAPI\TodoMinimalAPI.csproj", "{A7A44A74-DB1E-4E1F-A899-05828A35555B}"
EndProject
Global
	GlobalSection(SolutionConfigurationPlatforms) = preSolution
		Debug|Any CPU = Debug|Any CPU
		Release|Any CPU = Release|Any CPU
	EndGlobalSection
	GlobalSection(ProjectConfigurationPlatforms) = postSolution
		{1078B64F-CEE6-4CF8-BB63-29FC97872745}.Debug|Any CPU.ActiveCfg = Debug|Any CPU
		{1078B64F-CEE6-4CF8-BB63-29FC97872745}.Debug|Any CPU.Build.0 = Debug|Any CPU
		{1078B64F-CEE6-4CF8-BB63-29FC97872745}.Release|Any CPU.ActiveCfg = Release|Any CPU
		{1078B64F-CEE6-4CF8-BB63-29FC97872745}.Release|Any CPU.Build.0 = Release|Any CPU
		{A7A44A74-DB1E-4E1F-A899-05828A35555B}.Debug|Any CPU.ActiveCfg = Debug|Any CPU
		{A7A44A74-DB1E-4E1F-A899-05828A35555B}.Debug|Any CPU.Build.0 = Debug|Any CPU
		{A7A44A74-DB1E-4E1F-A899-05828A35555B}.Release|Any CPU.ActiveCfg = Release|Any CPU
		{A7A44A74-DB1E-4E1F-A899-05828A35555B}.Release|Any CPU.Build.0 = Release|Any CPU
	EndGlobalSection
	GlobalSection(SolutionProperties) = preSolution
		HideSolutionNode = FALSE
	EndGlobalSection
EndGlobal
